
Microsoft Visual Studio Solution File, Format Version 12.00
# Visual Studio 15
VisualStudioVersion = 15.0.28307.705
MinimumVisualStudioVersion = 10.0.40219.1
Project("{FAE04EC0-301F-11D3-BF4B-00C04F79EFBC}") = "PairProgramming", "PairProgramming\PairProgramming.csproj", "{BD394837-132A-4880-ABDD-28FDD6E01F23}"
EndProject
Project("{FAE04EC0-301F-11D3-BF4B-00C04F79EFBC}") = "PairRest", "PairRest\PairRest.csproj", "{D52858FA-80A5-4DD3-A630-030B638C8004}"
EndProject
Project("{FAE04EC0-301F-11D3-BF4B-00C04F79EFBC}") = "ControllerTest", "ControllerTest\ControllerTest.csproj", "{104C164C-6191-4EBB-8D74-E73C2FC49020}"
EndProject
Global
	GlobalSection(SolutionConfigurationPlatforms) = preSolution
		Debug|Any CPU = Debug|Any CPU
		Release|Any CPU = Release|Any CPU
	EndGlobalSection
	GlobalSection(ProjectConfigurationPlatforms) = postSolution
		{BD394837-132A-4880-ABDD-28FDD6E01F23}.Debug|Any CPU.ActiveCfg = Debug|Any CPU
		{BD394837-132A-4880-ABDD-28FDD6E01F23}.Debug|Any CPU.Build.0 = Debug|Any CPU
		{BD394837-132A-4880-ABDD-28FDD6E01F23}.Release|Any CPU.ActiveCfg = Release|Any CPU
		{BD394837-132A-4880-ABDD-28FDD6E01F23}.Release|Any CPU.Build.0 = Release|Any CPU
		{D52858FA-80A5-4DD3-A630-030B638C8004}.Debug|Any CPU.ActiveCfg = Debug|Any CPU
		{D52858FA-80A5-4DD3-A630-030B638C8004}.Debug|Any CPU.Build.0 = Debug|Any CPU
		{D52858FA-80A5-4DD3-A630-030B638C8004}.Release|Any CPU.ActiveCfg = Release|Any CPU
		{D52858FA-80A5-4DD3-A630-030B638C8004}.Release|Any CPU.Build.0 = Release|Any CPU
		{104C164C-6191-4EBB-8D74-E73C2FC49020}.Debug|Any CPU.ActiveCfg = Debug|Any CPU
		{104C164C-6191-4EBB-8D74-E73C2FC49020}.Debug|Any CPU.Build.0 = Debug|Any CPU
		{104C164C-6191-4EBB-8D74-E73C2FC49020}.Release|Any CPU.ActiveCfg = Release|Any CPU
		{104C164C-6191-4EBB-8D74-E73C2FC49020}.Release|Any CPU.Build.0 = Release|Any CPU
	EndGlobalSection
	GlobalSection(SolutionProperties) = preSolution
		HideSolutionNode = FALSE
	EndGlobalSection
	GlobalSection(ExtensibilityGlobals) = postSolution
		SolutionGuid = {BBC8C234-A86C-443B-93C9-56F28D8F3890}
	EndGlobalSection
EndGlobal
